
Microsoft Visual Studio Solution File, Format Version 12.00
# Visual Studio Version 17
VisualStudioVersion = 17.4.33213.308
MinimumVisualStudioVersion = 10.0.40219.1
Project("{FAE04EC0-301F-11D3-BF4B-00C04F79EFBC}") = "Circle Objects", "Circle Objects.csproj", "{C402472E-2D88-43A0-A702-E656F6CBBD7D}"
EndProject
Global
	GlobalSection(SolutionConfigurationPlatforms) = preSolution
		Debug|Any CPU = Debug|Any CPU
		Release|Any CPU = Release|Any CPU
	EndGlobalSection
	GlobalSection(ProjectConfigurationPlatforms) = postSolution
		{C402472E-2D88-43A0-A702-E656F6CBBD7D}.Debug|Any CPU.ActiveCfg = Debug|Any CPU
		{C402472E-2D88-43A0-A702-E656F6CBBD7D}.Debug|Any CPU.Build.0 = Debug|Any CPU
		{C402472E-2D88-43A0-A702-E656F6CBBD7D}.Release|Any CPU.ActiveCfg = Release|Any CPU
		{C402472E-2D88-43A0-A702-E656F6CBBD7D}.Release|Any CPU.Build.0 = Release|Any CPU
	EndGlobalSection
	GlobalSection(SolutionProperties) = preSolution
		HideSolutionNode = FALSE
	EndGlobalSection
	GlobalSection(ExtensibilityGlobals) = postSolution
		SolutionGuid = {88E0769A-D052-41A5-99CB-A7369186AF43}
	EndGlobalSection
EndGlobal
